Microsoft Visual Studio Solution File, Format Version 12.00
# Visual Studio Version 17
VisualStudioVersion = 17.5.2.0
MinimumVisualStudioVersion = 10.0.40219.1
Project("{FAE04EC0-301F-11D3-BF4B-00C04F79EFBC}") = "Docs", "Docs.csproj", "{4E006B62-5E4F-CDBC-82A3-DE88E9864D9D}"
EndProject
Global
	GlobalSection(SolutionConfigurationPlatforms) = preSolution
		Debug|Any CPU = Debug|Any CPU
		Release|Any CPU = Release|Any CPU
	EndGlobalSection
	GlobalSection(ProjectConfigurationPlatforms) = postSolution
		{4E006B62-5E4F-CDBC-82A3-DE88E9864D9D}.Debug|Any CPU.ActiveCfg = Debug|Any CPU
		{4E006B62-5E4F-CDBC-82A3-DE88E9864D9D}.Debug|Any CPU.Build.0 = Debug|Any CPU
		{4E006B62-5E4F-CDBC-82A3-DE88E9864D9D}.Release|Any CPU.ActiveCfg = Release|Any CPU
		{4E006B62-5E4F-CDBC-82A3-DE88E9864D9D}.Release|Any CPU.Build.0 = Release|Any CPU
	EndGlobalSection
	GlobalSection(SolutionProperties) = preSolution
		HideSolutionNode = FALSE
	EndGlobalSection
	GlobalSection(ExtensibilityGlobals) = postSolution
		SolutionGuid = {F0E8CF83-95CF-4A1B-84CC-835CC14504DD}
	EndGlobalSection
EndGlobal
